// !$*UTF8*$!
{
	archiveVersion = 1;
	classes = {
	};
	objectVersion = 46;
	objects = {

/* Begin PBXBuildFile section */
		8DD76FAC0486AB0100D96B5E /* main.cpp in Sources */ = {isa = PBXBuildFile; fileRef = 08FB7796FE84155DC02AAC07 /* main.cpp */; settings = {ATTRIBUTES = (); }; };
		8DD76FB00486AB0100D96B5E /* MacRib.1 in CopyFiles */ = {isa = PBXBuildFile; fileRef = C6A0FF2C0290799A04C91782 /* MacRib.1 */; };
		C30A11890C11D1FE00C673B2 /* dtex.h in CopyFiles */ = {isa = PBXBuildFile; fileRef = C30A117B0C11D1FE00C673B2 /* dtex.h */; };
		C30A118A0C11D1FE00C673B2 /* ImplicitField.h in CopyFiles */ = {isa = PBXBuildFile; fileRef = C30A117C0C11D1FE00C673B2 /* ImplicitField.h */; };
		C30A118B0C11D1FE00C673B2 /* ndspy.h in CopyFiles */ = {isa = PBXBuildFile; fileRef = C30A117D0C11D1FE00C673B2 /* ndspy.h */; };
		C30A118C0C11D1FE00C673B2 /* pointcloud.h in CopyFiles */ = {isa = PBXBuildFile; fileRef = C30A117E0C11D1FE00C673B2 /* pointcloud.h */; };
		C30A118D0C11D1FE00C673B2 /* ri.h in CopyFiles */ = {isa = PBXBuildFile; fileRef = C30A117F0C11D1FE00C673B2 /* ri.h */; };
		C30A118E0C11D1FE00C673B2 /* RifFilter.h in CopyFiles */ = {isa = PBXBuildFile; fileRef = C30A11800C11D1FE00C673B2 /* RifFilter.h */; };
		C30A118F0C11D1FE00C673B2 /* RifPlugin.h in CopyFiles */ = {isa = PBXBuildFile; fileRef = C30A11810C11D1FE00C673B2 /* RifPlugin.h */; };
		C30A11900C11D1FE00C673B2 /* RixInterfaces.h in CopyFiles */ = {isa = PBXBuildFile; fileRef = C30A11820C11D1FE00C673B2 /* RixInterfaces.h */; };
		C30A11910C11D1FE00C673B2 /* RslPlugin.h in CopyFiles */ = {isa = PBXBuildFile; fileRef = C30A11830C11D1FE00C673B2 /* RslPlugin.h */; };
		C30A11920C11D1FE00C673B2 /* rx.h in CopyFiles */ = {isa = PBXBuildFile; fileRef = C30A11840C11D1FE00C673B2 /* rx.h */; };
		C30A11930C11D1FE00C673B2 /* shadeop.h in CopyFiles */ = {isa = PBXBuildFile; fileRef = C30A11850C11D1FE00C673B2 /* shadeop.h */; };
		C30A11940C11D1FE00C673B2 /* slo.h in CopyFiles */ = {isa = PBXBuildFile; fileRef = C30A11860C11D1FE00C673B2 /* slo.h */; };
		C30A11950C11D1FE00C673B2 /* libprmansdk.a in Frameworks */ = {isa = PBXBuildFile; fileRef = C30A11880C11D1FE00C673B2 /* libprmansdk.a */; };
		C30A11AD0C11D36200C673B2 /* installpkg.sh in CopyFiles */ = {isa = PBXBuildFile; fileRef = C31FCB080714754B00C06E91 /* installpkg.sh */; };
		C374EFE30C11FB1400635290 /* RibGlue.h in CopyFiles */ = {isa = PBXBuildFile; fileRef = C374EFE20C11FB1400635290 /* RibGlue.h */; };
		C3846FD50C10B7C00061A955 /* CoreFoundation.framework in Frameworks */ = {isa = PBXBuildFile; fileRef = C3846FAA0C10B7BF0061A955 /* CoreFoundation.framework */; };
		C38471150C10B8980061A955 /* IOKit.framework in Frameworks */ = {isa = PBXBuildFile; fileRef = C38470750C10B8980061A955 /* IOKit.framework */; };
		C38C1D02070BB96500A962E5 /* MacRib.tm in Sources */ = {isa = PBXBuildFile; fileRef = C3ACEEF3070BAFF2008D6CBC /* MacRib.tm */; };
		C38C1D2F070CAED400A962E5 /* RibGlue.c in Sources */ = {isa = PBXBuildFile; fileRef = C38C1D2D070CAED400A962E5 /* RibGlue.c */; };
		C3A6B9EF0C076CE300C27891 /* mathlink.framework in Frameworks */ = {isa = PBXBuildFile; fileRef = C3A6B9EA0C076CE300C27891 /* mathlink.framework */; };
		C3ACEEA5070BAB88008D6CBC /* mathlink.h in CopyFiles */ = {isa = PBXBuildFile; fileRef = C3ACEEA1070BAB88008D6CBC /* mathlink.h */; };
		C3ACEF0B070BB4FB008D6CBC /* MacRib.tm in CopyFiles */ = {isa = PBXBuildFile; fileRef = C3ACEEF3070BAFF2008D6CBC /* MacRib.tm */; };
/* End PBXBuildFile section */

/* Begin PBXBuildRule section */
		C3ACEEF6070BB348008D6CBC /* PBXBuildRule */ = {
			isa = PBXBuildRule;
			compilerSpec = com.apple.compilers.proxy.script;
			filePatterns = "*.tm";
			fileType = pattern.proxy;
			isEditable = 1;
			outputFiles = (
				"$(DERIVED_FILES_DIR)/$(INPUT_FILE_BASE).c",
			);
			script = "${MATHDEV}/mprep ${INPUT_FILE_NAME} -o \"${DERIVED_FILES_DIR}/${INPUT_FILE_BASE}.c\"";
		};
/* End PBXBuildRule section */

/* Begin PBXCopyFilesBuildPhase section */
		8DD76FAF0486AB0100D96B5E /* CopyFiles */ = {
			isa = PBXCopyFilesBuildPhase;
			buildActionMask = 8;
			dstPath = /usr/share/man/man1/;
			dstSubfolderSpec = 0;
			files = (
				8DD76FB00486AB0100D96B5E /* MacRib.1 in CopyFiles */,
				C3ACEEA5070BAB88008D6CBC /* mathlink.h in CopyFiles */,
				C3ACEF0B070BB4FB008D6CBC /* MacRib.tm in CopyFiles */,
				C30A11890C11D1FE00C673B2 /* dtex.h in CopyFiles */,
				C30A118A0C11D1FE00C673B2 /* ImplicitField.h in CopyFiles */,
				C30A118B0C11D1FE00C673B2 /* ndspy.h in CopyFiles */,
				C30A118C0C11D1FE00C673B2 /* pointcloud.h in CopyFiles */,
				C30A118D0C11D1FE00C673B2 /* ri.h in CopyFiles */,
				C30A118E0C11D1FE00C673B2 /* RifFilter.h in CopyFiles */,
				C30A118F0C11D1FE00C673B2 /* RifPlugin.h in CopyFiles */,
				C30A11900C11D1FE00C673B2 /* RixInterfaces.h in CopyFiles */,
				C30A11910C11D1FE00C673B2 /* RslPlugin.h in CopyFiles */,
				C30A11920C11D1FE00C673B2 /* rx.h in CopyFiles */,
				C30A11930C11D1FE00C673B2 /* shadeop.h in CopyFiles */,
				C30A11940C11D1FE00C673B2 /* slo.h in CopyFiles */,
				C30A11AD0C11D36200C673B2 /* installpkg.sh in CopyFiles */,
				C374EFE30C11FB1400635290 /* RibGlue.h in CopyFiles */,
			);
			runOnlyForDeploymentPostprocessing = 1;
		};
/* End PBXCopyFilesBuildPhase section */

/* Begin PBXFileReference section */
		08FB7796FE84155DC02AAC07 /* main.cpp */ = {isa = PBXFileReference; fileEncoding = 4; lastKnownFileType = sourcecode.cpp.cpp; path = main.cpp; sourceTree = "<group>"; };
		8DD76FB20486AB0100D96B5E /* MacRib.exe */ = {isa = PBXFileReference; explicitFileType = "compiled.mach-o.executable"; includeInIndex = 0; path = MacRib.exe; sourceTree = BUILT_PRODUCTS_DIR; };
		C30A117B0C11D1FE00C673B2 /* dtex.h */ = {isa = PBXFileReference; fileEncoding = 30; lastKnownFileType = sourcecode.c.h; name = dtex.h; path = "/Applications/Pixar/devkit/devkit.OSX-10.4.X86/include/dtex.h"; sourceTree = "<absolute>"; };
		C30A117C0C11D1FE00C673B2 /* ImplicitField.h */ = {isa = PBXFileReference; fileEncoding = 30; lastKnownFileType = sourcecode.c.h; name = ImplicitField.h; path = "/Applications/Pixar/devkit/devkit.OSX-10.4.X86/include/ImplicitField.h"; sourceTree = "<absolute>"; };
		C30A117D0C11D1FE00C673B2 /* ndspy.h */ = {isa = PBXFileReference; fileEncoding = 30; lastKnownFileType = sourcecode.c.h; name = ndspy.h; path = "/Applications/Pixar/devkit/devkit.OSX-10.4.X86/include/ndspy.h"; sourceTree = "<absolute>"; };
		C30A117E0C11D1FE00C673B2 /* pointcloud.h */ = {isa = PBXFileReference; fileEncoding = 30; lastKnownFileType = sourcecode.c.h; name = pointcloud.h; path = "/Applications/Pixar/devkit/devkit.OSX-10.4.X86/include/pointcloud.h"; sourceTree = "<absolute>"; };
		C30A117F0C11D1FE00C673B2 /* ri.h */ = {isa = PBXFileReference; fileEncoding = 30; lastKnownFileType = sourcecode.c.h; name = ri.h; path = "/Applications/Pixar/devkit/devkit.OSX-10.4.X86/include/ri.h"; sourceTree = "<absolute>"; };
		C30A11800C11D1FE00C673B2 /* RifFilter.h */ = {isa = PBXFileReference; fileEncoding = 30; lastKnownFileType = sourcecode.c.h; name = RifFilter.h; path = "/Applications/Pixar/devkit/devkit.OSX-10.4.X86/include/RifFilter.h"; sourceTree = "<absolute>"; };
		C30A11810C11D1FE00C673B2 /* RifPlugin.h */ = {isa = PBXFileReference; fileEncoding = 30; lastKnownFileType = sourcecode.c.h; name = RifPlugin.h; path = "/Applications/Pixar/devkit/devkit.OSX-10.4.X86/include/RifPlugin.h"; sourceTree = "<absolute>"; };
		C30A11820C11D1FE00C673B2 /* RixInterfaces.h */ = {isa = PBXFileReference; fileEncoding = 30; lastKnownFileType = sourcecode.c.h; name = RixInterfaces.h; path = "/Applications/Pixar/devkit/devkit.OSX-10.4.X86/include/RixInterfaces.h"; sourceTree = "<absolute>"; };
		C30A11830C11D1FE00C673B2 /* RslPlugin.h */ = {isa = PBXFileReference; fileEncoding = 30; lastKnownFileType = sourcecode.c.h; name = RslPlugin.h; path = "/Applications/Pixar/devkit/devkit.OSX-10.4.X86/include/RslPlugin.h"; sourceTree = "<absolute>"; };
		C30A11840C11D1FE00C673B2 /* rx.h */ = {isa = PBXFileReference; fileEncoding = 30; lastKnownFileType = sourcecode.c.h; name = rx.h; path = "/Applications/Pixar/devkit/devkit.OSX-10.4.X86/include/rx.h"; sourceTree = "<absolute>"; };
		C30A11850C11D1FE00C673B2 /* shadeop.h */ = {isa = PBXFileReference; fileEncoding = 30; lastKnownFileType = sourcecode.c.h; name = shadeop.h; path = "/Applications/Pixar/devkit/devkit.OSX-10.4.X86/include/shadeop.h"; sourceTree = "<absolute>"; };
		C30A11860C11D1FE00C673B2 /* slo.h */ = {isa = PBXFileReference; fileEncoding = 30; lastKnownFileType = sourcecode.c.h; name = slo.h; path = "/Applications/Pixar/devkit/devkit.OSX-10.4.X86/include/slo.h"; sourceTree = "<absolute>"; };
		C30A11880C11D1FE00C673B2 /* libprmansdk.a */ = {isa = PBXFileReference; lastKnownFileType = archive.ar; name = libprmansdk.a; path = "/Applications/Pixar/devkit/devkit.OSX-10.4.X86/lib/libprmansdk.a"; sourceTree = "<absolute>"; };
		C31FCB080714754B00C06E91 /* installpkg.sh */ = {isa = PBXFileReference; fileEncoding = 30; lastKnownFileType = text.script.sh; name = installpkg.sh; path = package/installpkg.sh; sourceTree = "<group>"; };
		C374EFE20C11FB1400635290 /* RibGlue.h */ = {isa = PBXFileReference; fileEncoding = 4; lastKnownFileType = sourcecode.c.h; path = RibGlue.h; sourceTree = "<group>"; };
		C3846FAA0C10B7BF0061A955 /* CoreFoundation.framework */ = {isa = PBXFileReference; lastKnownFileType = wrapper.framework; name = CoreFoundation.framework; path = /System/Library/Frameworks/CoreFoundation.framework; sourceTree = "<absolute>"; };
		C38470750C10B8980061A955 /* IOKit.framework */ = {isa = PBXFileReference; lastKnownFileType = wrapper.framework; name = IOKit.framework; path = /System/Library/Frameworks/IOKit.framework; sourceTree = "<absolute>"; };
		C38C1D2D070CAED400A962E5 /* RibGlue.c */ = {isa = PBXFileReference; fileEncoding = 4; lastKnownFileType = sourcecode.c.c; path = RibGlue.c; sourceTree = "<group>"; };
		C3A6B9EA0C076CE300C27891 /* mathlink.framework */ = {isa = PBXFileReference; lastKnownFileType = wrapper.framework; name = mathlink.framework; path = /Applications/Mathematica.app/SystemFiles/Links/MathLink/DeveloperKit/CompilerAdditions/mathlink.framework; sourceTree = "<absolute>"; };
		C3ACEEA1070BAB88008D6CBC /* mathlink.h */ = {isa = PBXFileReference; fileEncoding = 30; lastKnownFileType = sourcecode.c.h; name = mathlink.h; path = ../../../../../../Mathematica.app/SystemFiles/Links/MathLink/DeveloperKit/CompilerAdditions/mathlink.h; sourceTree = "<group>"; };
		C3ACEEF3070BAFF2008D6CBC /* MacRib.tm */ = {isa = PBXFileReference; explicitFileType = sourcecode; fileEncoding = 4; path = MacRib.tm; sourceTree = "<group>"; };
		C6A0FF2C0290799A04C91782 /* MacRib.1 */ = {isa = PBXFileReference; lastKnownFileType = text.man; path = MacRib.1; sourceTree = "<group>"; };
/* End PBXFileReference section */

/* Begin PBXFrameworksBuildPhase section */
		8DD76FAD0486AB0100D96B5E /* Frameworks */ = {
			isa = PBXFrameworksBuildPhase;
			buildActionMask = 2147483647;
			files = (
				C3A6B9EF0C076CE300C27891 /* mathlink.framework in Frameworks */,
				C3846FD50C10B7C00061A955 /* CoreFoundation.framework in Frameworks */,
				C38471150C10B8980061A955 /* IOKit.framework in Frameworks */,
				C30A11950C11D1FE00C673B2 /* libprmansdk.a in Frameworks */,
			);
			runOnlyForDeploymentPostprocessing = 0;
		};
/* End PBXFrameworksBuildPhase section */

/* Begin PBXGroup section */
		08FB7794FE84155DC02AAC07 /* MacRib */ = {
			isa = PBXGroup;
			children = (
				08FB7795FE84155DC02AAC07 /* Source */,
				C3ACEEA9070BABB9008D6CBC /* RenderMan */,
				C3ACEE9F070BAB88008D6CBC /* Mathematica */,
				C30A10B00C11D1E700C673B2 /* Frameworks */,
				C6A0FF2B0290797F04C91782 /* Documentation */,
				1AB674ADFE9D54B511CA2CBB /* Products */,
			);
			name = MacRib;
			sourceTree = "<group>";
		};
		08FB7795FE84155DC02AAC07 /* Source */ = {
			isa = PBXGroup;
			children = (
				C3ACEEF3070BAFF2008D6CBC /* MacRib.tm */,
				C38C1D2D070CAED400A962E5 /* RibGlue.c */,
				C374EFE20C11FB1400635290 /* RibGlue.h */,
				08FB7796FE84155DC02AAC07 /* main.cpp */,
			);
			name = Source;
			sourceTree = "<group>";
		};
		1AB674ADFE9D54B511CA2CBB /* Products */ = {
			isa = PBXGroup;
			children = (
				C31FCB080714754B00C06E91 /* installpkg.sh */,
				8DD76FB20486AB0100D96B5E /* MacRib.exe */,
			);
			name = Products;
			sourceTree = "<group>";
		};
		C30A10B00C11D1E700C673B2 /* Frameworks */ = {
			isa = PBXGroup;
			children = (
				C3846FAA0C10B7BF0061A955 /* CoreFoundation.framework */,
				C38470750C10B8980061A955 /* IOKit.framework */,
			);
			name = Frameworks;
			path = /Applications/Mathematica.app/SystemFiles/Links/MathLink/DeveloperKit/CompilerAdditions;
			sourceTree = "<absolute>";
		};
		C30A117A0C11D1FE00C673B2 /* include */ = {
			isa = PBXGroup;
			children = (
				C30A117B0C11D1FE00C673B2 /* dtex.h */,
				C30A117C0C11D1FE00C673B2 /* ImplicitField.h */,
				C30A117D0C11D1FE00C673B2 /* ndspy.h */,
				C30A117E0C11D1FE00C673B2 /* pointcloud.h */,
				C30A117F0C11D1FE00C673B2 /* ri.h */,
				C30A11800C11D1FE00C673B2 /* RifFilter.h */,
				C30A11810C11D1FE00C673B2 /* RifPlugin.h */,
				C30A11820C11D1FE00C673B2 /* RixInterfaces.h */,
				C30A11830C11D1FE00C673B2 /* RslPlugin.h */,
				C30A11840C11D1FE00C673B2 /* rx.h */,
				C30A11850C11D1FE00C673B2 /* shadeop.h */,
				C30A11860C11D1FE00C673B2 /* slo.h */,
			);
			name = include;
			path = "/Applications/Pixar/devkit/devkit.OSX-10.4.X86/include";
			sourceTree = "<absolute>";
		};
		C30A11870C11D1FE00C673B2 /* lib */ = {
			isa = PBXGroup;
			children = (
				C30A11880C11D1FE00C673B2 /* libprmansdk.a */,
			);
			name = lib;
			path = "/Applications/Pixar/devkit/devkit.OSX-10.4.X86/lib";
			sourceTree = "<absolute>";
		};
		C3ACEE9F070BAB88008D6CBC /* Mathematica */ = {
			isa = PBXGroup;
			children = (
				C3A6B9EA0C076CE300C27891 /* mathlink.framework */,
				C3ACEEA1070BAB88008D6CBC /* mathlink.h */,
			);
			name = Mathematica;
			path = /Applications/Mathematica.app/SystemFiles/Links/MathLink/DeveloperKit/CompilerAdditions;
			sourceTree = "<absolute>";
		};
		C3ACEEA9070BABB9008D6CBC /* RenderMan */ = {
			isa = PBXGroup;
			children = (
				C30A117A0C11D1FE00C673B2 /* include */,
				C30A11870C11D1FE00C673B2 /* lib */,
			);
			name = RenderMan;
			sourceTree = "<group>";
		};
		C6A0FF2B0290797F04C91782 /* Documentation */ = {
			isa = PBXGroup;
			children = (
				C6A0FF2C0290799A04C91782 /* MacRib.1 */,
			);
			name = Documentation;
			sourceTree = "<group>";
		};
/* End PBXGroup section */

/* Begin PBXNativeTarget section */
		8DD76FA90486AB0100D96B5E /* MacRib */ = {
			isa = PBXNativeTarget;
			buildConfigurationList = C3A6B9DD0C076C1500C27891 /* Build configuration list for PBXNativeTarget "MacRib" */;
			buildPhases = (
				8DD76FAB0486AB0100D96B5E /* Sources */,
				8DD76FAD0486AB0100D96B5E /* Frameworks */,
				8DD76FAF0486AB0100D96B5E /* CopyFiles */,
				C31FCB0B0714759D00C06E91 /* ShellScript */,
			);
			buildRules = (
				C3ACEEF6070BB348008D6CBC /* PBXBuildRule */,
			);
			dependencies = (
			);
			name = MacRib;
			productInstallPath = "$(HOME)/bin";
			productName = MacRib;
			productReference = 8DD76FB20486AB0100D96B5E /* MacRib.exe */;
			productType = "com.apple.product-type.tool";
		};
/* End PBXNativeTarget section */

/* Begin PBXProject section */
		08FB7793FE84155DC02AAC07 /* Project object */ = {
			isa = PBXProject;
			attributes = {
				LastUpgradeCheck = 0800;
			};
			buildConfigurationList = C3A6B9E10C076C1500C27891 /* Build configuration list for PBXProject "MacRib" */;
			compatibilityVersion = "Xcode 3.2";
			developmentRegion = English;
			hasScannedForEncodings = 1;
			knownRegions = (
				en,
			);
			mainGroup = 08FB7794FE84155DC02AAC07 /* MacRib */;
			projectDirPath = "";
			projectRoot = "";
			targets = (
				8DD76FA90486AB0100D96B5E /* MacRib */,
			);
		};
/* End PBXProject section */

/* Begin PBXShellScriptBuildPhase section */
		C31FCB0B0714759D00C06E91 /* ShellScript */ = {
			isa = PBXShellScriptBuildPhase;
			buildActionMask = 2147483647;
			files = (
			);
			inputPaths = (
			);
			outputPaths = (
			);
			runOnlyForDeploymentPostprocessing = 0;
			shellPath = /bin/sh;
			shellScript = "source package/installpkg.sh\n";
		};
/* End PBXShellScriptBuildPhase section */

/* Begin PBXSourcesBuildPhase section */
		8DD76FAB0486AB0100D96B5E /* Sources */ = {
			isa = PBXSourcesBuildPhase;
			buildActionMask = 2147483647;
			files = (
				C38C1D02070BB96500A962E5 /* MacRib.tm in Sources */,
				C38C1D2F070CAED400A962E5 /* RibGlue.c in Sources */,
				8DD76FAC0486AB0100D96B5E /* main.cpp in Sources */,
			);
			runOnlyForDeploymentPostprocessing = 0;
		};
/* End PBXSourcesBuildPhase section */

/* Begin XCBuildConfiguration section */
		C3A6B9DE0C076C1500C27891 /* Development */ = {
			isa = XCBuildConfiguration;
			buildSettings = {
				COPY_PHASE_STRIP = NO;
				FRAMEWORK_SEARCH_PATHS = (
					"$(inherited)",
					"$(FRAMEWORK_SEARCH_PATHS_QUOTED_1)",
				);
				FRAMEWORK_SEARCH_PATHS_QUOTED_1 = "\"$(SYSTEM_APPS_DIR)/Mathematica.app/SystemFiles/Links/MathLink/DeveloperKit/CompilerAdditions\"";
				GCC_DYNAMIC_NO_PIC = NO;
				GCC_GENERATE_DEBUGGING_SYMBOLS = YES;
				GCC_OPTIMIZATION_LEVEL = 0;
				INSTALL_PATH = "$(HOME)/bin";
				LIBRARY_SEARCH_PATHS = "\"$(SYSTEM_APPS_DIR)/Pixar/devkit/devkit.OSX-10.4.X86/lib\"/**";
				PRODUCT_NAME = MacRib.exe;
				WARNING_CFLAGS = "-Wno-long-double";
				ZERO_LINK = NO;
			};
			name = Development;
		};
		C3A6B9DF0C076C1500C27891 /* Deployment */ = {
			isa = XCBuildConfiguration;
			buildSettings = {
				COPY_PHASE_STRIP = YES;
				FRAMEWORK_SEARCH_PATHS = (
					"$(inherited)",
					"$(FRAMEWORK_SEARCH_PATHS_QUOTED_1)",
				);
				FRAMEWORK_SEARCH_PATHS_QUOTED_1 = "\"$(SYSTEM_APPS_DIR)/Mathematica.app/SystemFiles/Links/MathLink/DeveloperKit/CompilerAdditions\"";
				GCC_GENERATE_DEBUGGING_SYMBOLS = NO;
				INSTALL_PATH = "$(HOME)/bin";
				LIBRARY_SEARCH_PATHS = (
					"$(LIBRARY_SEARCH_PATHS_QUOTED_1)",
					"$(LIBRARY_SEARCH_PATHS_QUOTED_2)",
					"$(LIBRARY_SEARCH_PATHS_QUOTED_3)",
					"$(LIBRARY_SEARCH_PATHS_QUOTED_4)",
				);
				LIBRARY_SEARCH_PATHS_QUOTED_1 = "";
				LIBRARY_SEARCH_PATHS_QUOTED_2 = "\"$(SYSTEM_APPS_DIR)/Pixar/devkit/G4/lib\"";
				LIBRARY_SEARCH_PATHS_QUOTED_3 = "\"$(SYSTEM_APPS_DIR)/Pixar/devkit/devkit.OSX-10.4.1.X86/lib\"";
				LIBRARY_SEARCH_PATHS_QUOTED_4 = "\"$(SYSTEM_APPS_DIR)/Pixar/devkit/devkit.OSX-10.4.X86/lib\"";
				PRODUCT_NAME = MacRib;
				WARNING_CFLAGS = "-Wno-long-double";
				ZERO_LINK = NO;
			};
			name = Deployment;
		};
		C3A6B9E00C076C1500C27891 /* Default */ = {
			isa = XCBuildConfiguration;
			buildSettings = {
				FRAMEWORK_SEARCH_PATHS = (
					"$(inherited)",
					"$(FRAMEWORK_SEARCH_PATHS_QUOTED_1)",
				);
				FRAMEWORK_SEARCH_PATHS_QUOTED_1 = "\"$(SYSTEM_APPS_DIR)/Mathematica.app/SystemFiles/Links/MathLink/DeveloperKit/CompilerAdditions\"";
				GCC_GENERATE_DEBUGGING_SYMBOLS = NO;
				INSTALL_PATH = "$(HOME)/bin";
				LIBRARY_SEARCH_PATHS = (
					"$(LIBRARY_SEARCH_PATHS_QUOTED_1)",
					"$(LIBRARY_SEARCH_PATHS_QUOTED_2)",
					"$(LIBRARY_SEARCH_PATHS_QUOTED_3)",
					"$(LIBRARY_SEARCH_PATHS_QUOTED_4)",
				);
				LIBRARY_SEARCH_PATHS_QUOTED_1 = "";
				LIBRARY_SEARCH_PATHS_QUOTED_2 = "\"$(SYSTEM_APPS_DIR)/Pixar/devkit/G4/lib\"";
				LIBRARY_SEARCH_PATHS_QUOTED_3 = "\"$(SYSTEM_APPS_DIR)/Pixar/devkit/devkit.OSX-10.4.1.X86/lib\"";
				LIBRARY_SEARCH_PATHS_QUOTED_4 = "\"$(SYSTEM_APPS_DIR)/Pixar/devkit/devkit.OSX-10.4.X86/lib\"";
				PRODUCT_NAME = MacRib;
				WARNING_CFLAGS = "-Wno-long-double";
			};
			name = Default;
		};
		C3A6B9E20C076C1500C27891 /* Development */ = {
			isa = XCBuildConfiguration;
			buildSettings = {
				CLANG_WARN_BOOL_CONVERSION = YES;
				CLANG_WARN_CONSTANT_CONVERSION = YES;
				CLANG_WARN_EMPTY_BODY = YES;
				CLANG_WARN_ENUM_CONVERSION = YES;
				CLANG_WARN_INFINITE_RECURSION = YES;
				CLANG_WARN_INT_CONVERSION = YES;
				CLANG_WARN_SUSPICIOUS_MOVE = YES;
				CLANG_WARN_UNREACHABLE_CODE = YES;
				CLANG_WARN__DUPLICATE_METHOD_MATCH = YES;
				ENABLE_STRICT_OBJC_MSGSEND = YES;
				ENABLE_TESTABILITY = YES;
				GCC_NO_COMMON_BLOCKS = YES;
				GCC_WARN_64_TO_32_BIT_CONVERSION = YES;
				GCC_WARN_ABOUT_RETURN_TYPE = YES;
				GCC_WARN_UNDECLARED_SELECTOR = YES;
				GCC_WARN_UNINITIALIZED_AUTOS = YES;
				GCC_WARN_UNUSED_FUNCTION = YES;
				GCC_WARN_UNUSED_VARIABLE = YES;
				ONLY_ACTIVE_ARCH = YES;
			};
			name = Development;
		};
		C3A6B9E30C076C1500C27891 /* Deployment */ = {
			isa = XCBuildConfiguration;
			buildSettings = {
				CLANG_WARN_BOOL_CONVERSION = YES;
				CLANG_WARN_CONSTANT_CONVERSION = YES;
				CLANG_WARN_EMPTY_BODY = YES;
				CLANG_WARN_ENUM_CONVERSION = YES;
				CLANG_WARN_INFINITE_RECURSION = YES;
				CLANG_WARN_INT_CONVERSION = YES;
				CLANG_WARN_SUSPICIOUS_MOVE = YES;
				CLANG_WARN_UNREACHABLE_CODE = YES;
				CLANG_WARN__DUPLICATE_METHOD_MATCH = YES;
				ENABLE_STRICT_OBJC_MSGSEND = YES;
				GCC_NO_COMMON_BLOCKS = YES;
				GCC_WARN_64_TO_32_BIT_CONVERSION = YES;
				GCC_WARN_ABOUT_RETURN_TYPE = YES;
				GCC_WARN_UNDECLARED_SELECTOR = YES;
				GCC_WARN_UNINITIALIZED_AUTOS = YES;
				GCC_WARN_UNUSED_FUNCTION = YES;
				GCC_WARN_UNUSED_VARIABLE = YES;
			};
			name = Deployment;
		};
		C3A6B9E40C076C1500C27891 /* Default */ = {
			isa = XCBuildConfiguration;
			buildSettings = {
				CLANG_WARN_BOOL_CONVERSION = YES;
				CLANG_WARN_CONSTANT_CONVERSION = YES;
				CLANG_WARN_EMPTY_BODY = YES;
				CLANG_WARN_ENUM_CONVERSION = YES;
				CLANG_WARN_INFINITE_RECURSION = YES;
				CLANG_WARN_INT_CONVERSION = YES;
				CLANG_WARN_SUSPICIOUS_MOVE = YES;
				CLANG_WARN_UNREACHABLE_CODE = YES;
				CLANG_WARN__DUPLICATE_METHOD_MATCH = YES;
				ENABLE_STRICT_OBJC_MSGSEND = YES;
				GCC_NO_COMMON_BLOCKS = YES;
				GCC_WARN_64_TO_32_BIT_CONVERSION = YES;
				GCC_WARN_ABOUT_RETURN_TYPE = YES;
				GCC_WARN_UNDECLARED_SELECTOR = YES;
				GCC_WARN_UNINITIALIZED_AUTOS = YES;
				GCC_WARN_UNUSED_FUNCTION = YES;
				GCC_WARN_UNUSED_VARIABLE = YES;
			};
			name = Default;
		};
/* End XCBuildConfiguration section */

/* Begin XCConfigurationList section */
		C3A6B9DD0C076C1500C27891 /* Build configuration list for PBXNativeTarget "MacRib" */ = {
			isa = XCConfigurationList;
			buildConfigurations = (
				C3A6B9DE0C076C1500C27891 /* Development */,
				C3A6B9DF0C076C1500C27891 /* Deployment */,
				C3A6B9E00C076C1500C27891 /* Default */,
			);
			defaultConfigurationIsVisible = 0;
			defaultConfigurationName = Default;
		};
		C3A6B9E10C076C1500C27891 /* Build configuration list for PBXProject "MacRib" */ = {
			isa = XCConfigurationList;
			buildConfigurations = (
				C3A6B9E20C076C1500C27891 /* Development */,
				C3A6B9E30C076C1500C27891 /* Deployment */,
				C3A6B9E40C076C1500C27891 /* Default */,
			);
			defaultConfigurationIsVisible = 0;
			defaultConfigurationName = Default;
		};
/* End XCConfigurationList section */
	};
	rootObject = 08FB7793FE84155DC02AAC07 /* Project object */;
}
