// !$*UTF8*$!
{
	archiveVersion = 1;
	classes = {
	};
	objectVersion = 47;
	objects = {

/* Begin PBXBuildFile section */
		8DD76FAC0486AB0100D96B5E /* main.cpp in Sources */ = {isa = PBXBuildFile; fileRef = 08FB7796FE84155DC02AAC07 /* main.cpp */; settings = {ATTRIBUTES = (); }; };
		8DD76FB00486AB0100D96B5E /* MacRib.1 in CopyFiles */ = {isa = PBXBuildFile; fileRef = C6A0FF2C0290799A04C91782 /* MacRib.1 */; };
		C3846FD50C10B7C00061A955 /* CoreFoundation.framework in Frameworks */ = {isa = PBXBuildFile; fileRef = C3846FAA0C10B7BF0061A955 /* CoreFoundation.framework */; };
		C38471150C10B8980061A955 /* IOKit.framework in Frameworks */ = {isa = PBXBuildFile; fileRef = C38470750C10B8980061A955 /* IOKit.framework */; };
		C38C1D02070BB96500A962E5 /* MacRib.tm in Sources */ = {isa = PBXBuildFile; fileRef = C3ACEEF3070BAFF2008D6CBC /* MacRib.tm */; };
		C38C1D2F070CAED400A962E5 /* RibGlue.c in Sources */ = {isa = PBXBuildFile; fileRef = C38C1D2D070CAED400A962E5 /* RibGlue.c */; };
		C399FE881D78D98600E991B2 /* libMLi4.36.a in Frameworks */ = {isa = PBXBuildFile; fileRef = C399FE871D78D98600E991B2 /* libMLi4.36.a */; };
		C3FAFB3E1D7779F000D23E00 /* libprman.dylib in Frameworks */ = {isa = PBXBuildFile; fileRef = C3FAE6161D7779E200D23E00 /* libprman.dylib */; };
/* End PBXBuildFile section */

/* Begin PBXBuildRule section */
		C3ACEEF6070BB348008D6CBC /* PBXBuildRule */ = {
			isa = PBXBuildRule;
			compilerSpec = com.apple.compilers.proxy.script;
			filePatterns = "*.tm";
			fileType = pattern.proxy;
			isEditable = 1;
			outputFiles = (
				"$(DERIVED_FILES_DIR)/$(INPUT_FILE_BASE).c",
			);
			script = "${MLDEV}/mprep ${INPUT_FILE_NAME} -o \"${DERIVED_FILES_DIR}/${INPUT_FILE_BASE}.c\"";
		};
/* End PBXBuildRule section */

/* Begin PBXCopyFilesBuildPhase section */
		8DD76FAF0486AB0100D96B5E /* CopyFiles */ = {
			isa = PBXCopyFilesBuildPhase;
			buildActionMask = 8;
			dstPath = /usr/share/man/man1;
			dstSubfolderSpec = 0;
			files = (
				8DD76FB00486AB0100D96B5E /* MacRib.1 in CopyFiles */,
			);
			runOnlyForDeploymentPostprocessing = 1;
		};
/* End PBXCopyFilesBuildPhase section */

/* Begin PBXFileReference section */
		08FB7796FE84155DC02AAC07 /* main.cpp */ = {isa = PBXFileReference; fileEncoding = 4; lastKnownFileType = sourcecode.cpp.cpp; path = main.cpp; sourceTree = "<group>"; };
		8DD76FB20486AB0100D96B5E /* MacRib.exe */ = {isa = PBXFileReference; explicitFileType = "compiled.mach-o.executable"; includeInIndex = 0; path = MacRib.exe; sourceTree = BUILT_PRODUCTS_DIR; };
		C31FCB080714754B00C06E91 /* installpkg.sh */ = {isa = PBXFileReference; fileEncoding = 30; lastKnownFileType = text.script.sh; name = installpkg.sh; path = package/installpkg.sh; sourceTree = "<group>"; };
		C374EFE20C11FB1400635290 /* RibGlue.h */ = {isa = PBXFileReference; fileEncoding = 4; lastKnownFileType = sourcecode.c.h; path = RibGlue.h; sourceTree = "<group>"; };
		C3846FAA0C10B7BF0061A955 /* CoreFoundation.framework */ = {isa = PBXFileReference; lastKnownFileType = wrapper.framework; name = CoreFoundation.framework; path = /System/Library/Frameworks/CoreFoundation.framework; sourceTree = "<absolute>"; };
		C38470750C10B8980061A955 /* IOKit.framework */ = {isa = PBXFileReference; lastKnownFileType = wrapper.framework; name = IOKit.framework; path = /System/Library/Frameworks/IOKit.framework; sourceTree = "<absolute>"; };
		C38C1D2D070CAED400A962E5 /* RibGlue.c */ = {isa = PBXFileReference; fileEncoding = 4; lastKnownFileType = sourcecode.c.c; path = RibGlue.c; sourceTree = "<group>"; };
		C399FE861D78D97C00E991B2 /* mathlink.h */ = {isa = PBXFileReference; fileEncoding = 4; lastKnownFileType = sourcecode.c.h; name = mathlink.h; path = "/Applications/Mathematica.app/Contents/SystemFiles/Links/MathLink/DeveloperKit/MacOSX-x86-64/CompilerAdditions/mathlink.h"; sourceTree = "<absolute>"; };
		C399FE871D78D98600E991B2 /* libMLi4.36.a */ = {isa = PBXFileReference; lastKnownFileType = archive.ar; name = libMLi4.36.a; path = "/Applications/Mathematica.app/Contents/SystemFiles/Links/MathLink/DeveloperKit/MacOSX-x86-64/CompilerAdditions/libMLi4.36.a"; sourceTree = "<absolute>"; };
		C3ACEEF3070BAFF2008D6CBC /* MacRib.tm */ = {isa = PBXFileReference; explicitFileType = sourcecode; fileEncoding = 4; path = MacRib.tm; sourceTree = "<group>"; };
		C3FAE5671D7779CC00D23E00 /* brickmap.h */ = {isa = PBXFileReference; fileEncoding = 4; lastKnownFileType = sourcecode.c.h; path = brickmap.h; sourceTree = "<group>"; };
		C3FAE5681D7779CC00D23E00 /* dtex.h */ = {isa = PBXFileReference; fileEncoding = 4; lastKnownFileType = sourcecode.c.h; path = dtex.h; sourceTree = "<group>"; };
		C3FAE5691D7779CC00D23E00 /* ImplicitField.h */ = {isa = PBXFileReference; fileEncoding = 4; lastKnownFileType = sourcecode.c.h; path = ImplicitField.h; sourceTree = "<group>"; };
		C3FAE56A1D7779CC00D23E00 /* ndspy.h */ = {isa = PBXFileReference; fileEncoding = 4; lastKnownFileType = sourcecode.c.h; path = ndspy.h; sourceTree = "<group>"; };
		C3FAE56B1D7779CC00D23E00 /* pointcloud.h */ = {isa = PBXFileReference; fileEncoding = 4; lastKnownFileType = sourcecode.c.h; path = pointcloud.h; sourceTree = "<group>"; };
		C3FAE56C1D7779CC00D23E00 /* prmanapi.h */ = {isa = PBXFileReference; fileEncoding = 4; lastKnownFileType = sourcecode.c.h; path = prmanapi.h; sourceTree = "<group>"; };
		C3FAE5CA1D7779CC00D23E00 /* ri.h */ = {isa = PBXFileReference; fileEncoding = 4; lastKnownFileType = sourcecode.c.h; path = ri.h; sourceTree = "<group>"; };
		C3FAE5CB1D7779CC00D23E00 /* ri.hpp */ = {isa = PBXFileReference; fileEncoding = 4; lastKnownFileType = sourcecode.cpp.h; path = ri.hpp; sourceTree = "<group>"; };
		C3FAE5CC1D7779CC00D23E00 /* Ric.h */ = {isa = PBXFileReference; fileEncoding = 4; lastKnownFileType = sourcecode.c.h; path = Ric.h; sourceTree = "<group>"; };
		C3FAE5CD1D7779CC00D23E00 /* RifFilter.h */ = {isa = PBXFileReference; fileEncoding = 4; lastKnownFileType = sourcecode.c.h; path = RifFilter.h; sourceTree = "<group>"; };
		C3FAE5CE1D7779CC00D23E00 /* RifPlugin.h */ = {isa = PBXFileReference; fileEncoding = 4; lastKnownFileType = sourcecode.c.h; path = RifPlugin.h; sourceTree = "<group>"; };
		C3FAE5CF1D7779CC00D23E00 /* RiTypesHelper.h */ = {isa = PBXFileReference; fileEncoding = 4; lastKnownFileType = sourcecode.c.h; path = RiTypesHelper.h; sourceTree = "<group>"; };
		C3FAE5D01D7779CC00D23E00 /* RixBxdf.h */ = {isa = PBXFileReference; fileEncoding = 4; lastKnownFileType = sourcecode.c.h; path = RixBxdf.h; sourceTree = "<group>"; };
		C3FAE5D11D7779CC00D23E00 /* RixBxdfLobe.h */ = {isa = PBXFileReference; fileEncoding = 4; lastKnownFileType = sourcecode.c.h; path = RixBxdfLobe.h; sourceTree = "<group>"; };
		C3FAE5D21D7779CC00D23E00 /* RixColorTemperature.h */ = {isa = PBXFileReference; fileEncoding = 4; lastKnownFileType = sourcecode.c.h; path = RixColorTemperature.h; sourceTree = "<group>"; };
		C3FAE5D31D7779CC00D23E00 /* RixColorUtils.h */ = {isa = PBXFileReference; fileEncoding = 4; lastKnownFileType = sourcecode.c.h; path = RixColorUtils.h; sourceTree = "<group>"; };
		C3FAE5D41D7779CC00D23E00 /* RixDeepTexture.h */ = {isa = PBXFileReference; fileEncoding = 4; lastKnownFileType = sourcecode.c.h; path = RixDeepTexture.h; sourceTree = "<group>"; };
		C3FAE5D51D7779CC00D23E00 /* RixDisplacement.h */ = {isa = PBXFileReference; fileEncoding = 4; lastKnownFileType = sourcecode.c.h; path = RixDisplacement.h; sourceTree = "<group>"; };
		C3FAE5D61D7779CC00D23E00 /* RixDisplayFilter.h */ = {isa = PBXFileReference; fileEncoding = 4; lastKnownFileType = sourcecode.c.h; path = RixDisplayFilter.h; sourceTree = "<group>"; };
		C3FAE5D71D7779CC00D23E00 /* RixIES.h */ = {isa = PBXFileReference; fileEncoding = 4; lastKnownFileType = sourcecode.c.h; path = RixIES.h; sourceTree = "<group>"; };
		C3FAE5D81D7779CC00D23E00 /* RixIESInline.h */ = {isa = PBXFileReference; fileEncoding = 4; lastKnownFileType = sourcecode.c.h; path = RixIESInline.h; sourceTree = "<group>"; };
		C3FAE5D91D7779CC00D23E00 /* RixIntegrator.h */ = {isa = PBXFileReference; fileEncoding = 4; lastKnownFileType = sourcecode.c.h; path = RixIntegrator.h; sourceTree = "<group>"; };
		C3FAE5DA1D7779CC00D23E00 /* RixInterfaces.h */ = {isa = PBXFileReference; fileEncoding = 4; lastKnownFileType = sourcecode.c.h; path = RixInterfaces.h; sourceTree = "<group>"; };
		C3FAE5DB1D7779CC00D23E00 /* RixLight.h */ = {isa = PBXFileReference; fileEncoding = 4; lastKnownFileType = sourcecode.c.h; path = RixLight.h; sourceTree = "<group>"; };
		C3FAE5DC1D7779CC00D23E00 /* RixLightFilter.h */ = {isa = PBXFileReference; fileEncoding = 4; lastKnownFileType = sourcecode.c.h; path = RixLightFilter.h; sourceTree = "<group>"; };
		C3FAE5DD1D7779CC00D23E00 /* RixLighting.h */ = {isa = PBXFileReference; fileEncoding = 4; lastKnownFileType = sourcecode.c.h; path = RixLighting.h; sourceTree = "<group>"; };
		C3FAE5DE1D7779CC00D23E00 /* RixLPE.h */ = {isa = PBXFileReference; fileEncoding = 4; lastKnownFileType = sourcecode.c.h; path = RixLPE.h; sourceTree = "<group>"; };
		C3FAE5DF1D7779CC00D23E00 /* RixLPEInline.h */ = {isa = PBXFileReference; fileEncoding = 4; lastKnownFileType = sourcecode.c.h; path = RixLPEInline.h; sourceTree = "<group>"; };
		C3FAE5E01D7779CC00D23E00 /* RixPattern.h */ = {isa = PBXFileReference; fileEncoding = 4; lastKnownFileType = sourcecode.c.h; path = RixPattern.h; sourceTree = "<group>"; };
		C3FAE5E11D7779CC00D23E00 /* RixPhotonGuiding.h */ = {isa = PBXFileReference; fileEncoding = 4; lastKnownFileType = sourcecode.c.h; path = RixPhotonGuiding.h; sourceTree = "<group>"; };
		C3FAE5E21D7779CC00D23E00 /* RixProjection.h */ = {isa = PBXFileReference; fileEncoding = 4; lastKnownFileType = sourcecode.c.h; path = RixProjection.h; sourceTree = "<group>"; };
		C3FAE5E31D7779CC00D23E00 /* RixRIB.h */ = {isa = PBXFileReference; fileEncoding = 4; lastKnownFileType = sourcecode.c.h; path = RixRIB.h; sourceTree = "<group>"; };
		C3FAE5E41D7779CC00D23E00 /* RixRIBParser.h */ = {isa = PBXFileReference; fileEncoding = 4; lastKnownFileType = sourcecode.c.h; path = RixRIBParser.h; sourceTree = "<group>"; };
		C3FAE5E51D7779CC00D23E00 /* RixRiCtl.h */ = {isa = PBXFileReference; fileEncoding = 4; lastKnownFileType = sourcecode.c.h; path = RixRiCtl.h; sourceTree = "<group>"; };
		C3FAE5E61D7779CC00D23E00 /* RixRNG.h */ = {isa = PBXFileReference; fileEncoding = 4; lastKnownFileType = sourcecode.c.h; path = RixRNG.h; sourceTree = "<group>"; };
		C3FAE5E71D7779CC00D23E00 /* RixRNGInline.h */ = {isa = PBXFileReference; fileEncoding = 4; lastKnownFileType = sourcecode.c.h; path = RixRNGInline.h; sourceTree = "<group>"; };
		C3FAE5E81D7779CC00D23E00 /* RixRNGProgressive.h */ = {isa = PBXFileReference; fileEncoding = 4; lastKnownFileType = sourcecode.c.h; path = RixRNGProgressive.h; sourceTree = "<group>"; };
		C3FAE5E91D7779CC00D23E00 /* RixSampleFilter.h */ = {isa = PBXFileReference; fileEncoding = 4; lastKnownFileType = sourcecode.c.h; path = RixSampleFilter.h; sourceTree = "<group>"; };
		C3FAE5EA1D7779CC00D23E00 /* RixShading.h */ = {isa = PBXFileReference; fileEncoding = 4; lastKnownFileType = sourcecode.c.h; path = RixShading.h; sourceTree = "<group>"; };
		C3FAE5EB1D7779CC00D23E00 /* RixShadingBuiltin.h */ = {isa = PBXFileReference; fileEncoding = 4; lastKnownFileType = sourcecode.c.h; path = RixShadingBuiltin.h; sourceTree = "<group>"; };
		C3FAE5EC1D7779CC00D23E00 /* RixShadingParam.h */ = {isa = PBXFileReference; fileEncoding = 4; lastKnownFileType = sourcecode.c.h; path = RixShadingParam.h; sourceTree = "<group>"; };
		C3FAE5ED1D7779CC00D23E00 /* RixShadingUtils.h */ = {isa = PBXFileReference; fileEncoding = 4; lastKnownFileType = sourcecode.c.h; path = RixShadingUtils.h; sourceTree = "<group>"; };
		C3FAE5EE1D7779CC00D23E00 /* RixSubdEval.h */ = {isa = PBXFileReference; fileEncoding = 4; lastKnownFileType = sourcecode.c.h; path = RixSubdEval.h; sourceTree = "<group>"; };
		C3FAE5EF1D7779CC00D23E00 /* RixVolume.h */ = {isa = PBXFileReference; fileEncoding = 4; lastKnownFileType = sourcecode.c.h; path = RixVolume.h; sourceTree = "<group>"; };
		C3FAE5F01D7779CC00D23E00 /* RtxPlugin.h */ = {isa = PBXFileReference; fileEncoding = 4; lastKnownFileType = sourcecode.c.h; path = RtxPlugin.h; sourceTree = "<group>"; };
		C3FAE5F11D7779CC00D23E00 /* rx.h */ = {isa = PBXFileReference; fileEncoding = 4; lastKnownFileType = sourcecode.c.h; path = rx.h; sourceTree = "<group>"; };
		C3FAE6161D7779E200D23E00 /* libprman.dylib */ = {isa = PBXFileReference; lastKnownFileType = "compiled.mach-o.dylib"; name = libprman.dylib; path = "/Applications/Pixar/RenderManProServer-21.0/lib/libprman.dylib"; sourceTree = "<absolute>"; };
		C6A0FF2C0290799A04C91782 /* MacRib.1 */ = {isa = PBXFileReference; lastKnownFileType = text.man; path = MacRib.1; sourceTree = "<group>"; };
/* End PBXFileReference section */

/* Begin PBXFrameworksBuildPhase section */
		8DD76FAD0486AB0100D96B5E /* Frameworks */ = {
			isa = PBXFrameworksBuildPhase;
			buildActionMask = 2147483647;
			files = (
				C3FAFB3E1D7779F000D23E00 /* libprman.dylib in Frameworks */,
				C3846FD50C10B7C00061A955 /* CoreFoundation.framework in Frameworks */,
				C38471150C10B8980061A955 /* IOKit.framework in Frameworks */,
				C399FE881D78D98600E991B2 /* libMLi4.36.a in Frameworks */,
			);
			runOnlyForDeploymentPostprocessing = 0;
		};
/* End PBXFrameworksBuildPhase section */

/* Begin PBXGroup section */
		08FB7794FE84155DC02AAC07 /* MacRib */ = {
			isa = PBXGroup;
			children = (
				08FB7795FE84155DC02AAC07 /* Source */,
				C3FAFB641D777A1300D23E00 /* RenderMan */,
				C399FE891D78DA3900E991B2 /* MathLink Static */,
				C30A10B00C11D1E700C673B2 /* Frameworks */,
				C6A0FF2B0290797F04C91782 /* Documentation */,
				1AB674ADFE9D54B511CA2CBB /* Products */,
			);
			name = MacRib;
			sourceTree = "<group>";
		};
		08FB7795FE84155DC02AAC07 /* Source */ = {
			isa = PBXGroup;
			children = (
				C3ACEEF3070BAFF2008D6CBC /* MacRib.tm */,
				C38C1D2D070CAED400A962E5 /* RibGlue.c */,
				C374EFE20C11FB1400635290 /* RibGlue.h */,
				08FB7796FE84155DC02AAC07 /* main.cpp */,
			);
			name = Source;
			sourceTree = "<group>";
		};
		1AB674ADFE9D54B511CA2CBB /* Products */ = {
			isa = PBXGroup;
			children = (
				C31FCB080714754B00C06E91 /* installpkg.sh */,
				8DD76FB20486AB0100D96B5E /* MacRib.exe */,
			);
			name = Products;
			sourceTree = "<group>";
		};
		C30A10B00C11D1E700C673B2 /* Frameworks */ = {
			isa = PBXGroup;
			children = (
				C3846FAA0C10B7BF0061A955 /* CoreFoundation.framework */,
				C38470750C10B8980061A955 /* IOKit.framework */,
			);
			name = Frameworks;
			path = /Applications/Mathematica.app/SystemFiles/Links/MathLink/DeveloperKit/CompilerAdditions;
			sourceTree = "<absolute>";
		};
		C399FE891D78DA3900E991B2 /* MathLink Static */ = {
			isa = PBXGroup;
			children = (
				C399FE861D78D97C00E991B2 /* mathlink.h */,
				C399FE871D78D98600E991B2 /* libMLi4.36.a */,
			);
			name = "MathLink Static";
			sourceTree = "<group>";
		};
		C3FAE5661D7779CC00D23E00 /* include */ = {
			isa = PBXGroup;
			children = (
				C3FAE5671D7779CC00D23E00 /* brickmap.h */,
				C3FAE5681D7779CC00D23E00 /* dtex.h */,
				C3FAE5691D7779CC00D23E00 /* ImplicitField.h */,
				C3FAE56A1D7779CC00D23E00 /* ndspy.h */,
				C3FAE56B1D7779CC00D23E00 /* pointcloud.h */,
				C3FAE56C1D7779CC00D23E00 /* prmanapi.h */,
				C3FAE5CA1D7779CC00D23E00 /* ri.h */,
				C3FAE5CB1D7779CC00D23E00 /* ri.hpp */,
				C3FAE5CC1D7779CC00D23E00 /* Ric.h */,
				C3FAE5CD1D7779CC00D23E00 /* RifFilter.h */,
				C3FAE5CE1D7779CC00D23E00 /* RifPlugin.h */,
				C3FAE5CF1D7779CC00D23E00 /* RiTypesHelper.h */,
				C3FAE5D01D7779CC00D23E00 /* RixBxdf.h */,
				C3FAE5D11D7779CC00D23E00 /* RixBxdfLobe.h */,
				C3FAE5D21D7779CC00D23E00 /* RixColorTemperature.h */,
				C3FAE5D31D7779CC00D23E00 /* RixColorUtils.h */,
				C3FAE5D41D7779CC00D23E00 /* RixDeepTexture.h */,
				C3FAE5D51D7779CC00D23E00 /* RixDisplacement.h */,
				C3FAE5D61D7779CC00D23E00 /* RixDisplayFilter.h */,
				C3FAE5D71D7779CC00D23E00 /* RixIES.h */,
				C3FAE5D81D7779CC00D23E00 /* RixIESInline.h */,
				C3FAE5D91D7779CC00D23E00 /* RixIntegrator.h */,
				C3FAE5DA1D7779CC00D23E00 /* RixInterfaces.h */,
				C3FAE5DB1D7779CC00D23E00 /* RixLight.h */,
				C3FAE5DC1D7779CC00D23E00 /* RixLightFilter.h */,
				C3FAE5DD1D7779CC00D23E00 /* RixLighting.h */,
				C3FAE5DE1D7779CC00D23E00 /* RixLPE.h */,
				C3FAE5DF1D7779CC00D23E00 /* RixLPEInline.h */,
				C3FAE5E01D7779CC00D23E00 /* RixPattern.h */,
				C3FAE5E11D7779CC00D23E00 /* RixPhotonGuiding.h */,
				C3FAE5E21D7779CC00D23E00 /* RixProjection.h */,
				C3FAE5E31D7779CC00D23E00 /* RixRIB.h */,
				C3FAE5E41D7779CC00D23E00 /* RixRIBParser.h */,
				C3FAE5E51D7779CC00D23E00 /* RixRiCtl.h */,
				C3FAE5E61D7779CC00D23E00 /* RixRNG.h */,
				C3FAE5E71D7779CC00D23E00 /* RixRNGInline.h */,
				C3FAE5E81D7779CC00D23E00 /* RixRNGProgressive.h */,
				C3FAE5E91D7779CC00D23E00 /* RixSampleFilter.h */,
				C3FAE5EA1D7779CC00D23E00 /* RixShading.h */,
				C3FAE5EB1D7779CC00D23E00 /* RixShadingBuiltin.h */,
				C3FAE5EC1D7779CC00D23E00 /* RixShadingParam.h */,
				C3FAE5ED1D7779CC00D23E00 /* RixShadingUtils.h */,
				C3FAE5EE1D7779CC00D23E00 /* RixSubdEval.h */,
				C3FAE5EF1D7779CC00D23E00 /* RixVolume.h */,
				C3FAE5F01D7779CC00D23E00 /* RtxPlugin.h */,
				C3FAE5F11D7779CC00D23E00 /* rx.h */,
			);
			name = include;
			path = "/Applications/Pixar/RenderManProServer-21.0/include";
			sourceTree = "<absolute>";
		};
		C3FAFB641D777A1300D23E00 /* RenderMan */ = {
			isa = PBXGroup;
			children = (
				C3FAE6161D7779E200D23E00 /* libprman.dylib */,
				C3FAE5661D7779CC00D23E00 /* include */,
			);
			name = RenderMan;
			sourceTree = "<group>";
		};
		C6A0FF2B0290797F04C91782 /* Documentation */ = {
			isa = PBXGroup;
			children = (
				C6A0FF2C0290799A04C91782 /* MacRib.1 */,
			);
			name = Documentation;
			sourceTree = "<group>";
		};
/* End PBXGroup section */

/* Begin PBXNativeTarget section */
		8DD76FA90486AB0100D96B5E /* MacRib */ = {
			isa = PBXNativeTarget;
			buildConfigurationList = C3A6B9DD0C076C1500C27891 /* Build configuration list for PBXNativeTarget "MacRib" */;
			buildPhases = (
				8DD76FAB0486AB0100D96B5E /* Sources */,
				8DD76FAD0486AB0100D96B5E /* Frameworks */,
				8DD76FAF0486AB0100D96B5E /* CopyFiles */,
				C31FCB0B0714759D00C06E91 /* ShellScript */,
			);
			buildRules = (
				C3ACEEF6070BB348008D6CBC /* PBXBuildRule */,
			);
			dependencies = (
			);
			name = MacRib;
			productInstallPath = "$(HOME)/bin";
			productName = MacRib;
			productReference = 8DD76FB20486AB0100D96B5E /* MacRib.exe */;
			productType = "com.apple.product-type.tool";
		};
/* End PBXNativeTarget section */

/* Begin PBXProject section */
		08FB7793FE84155DC02AAC07 /* Project object */ = {
			isa = PBXProject;
			attributes = {
				LastUpgradeCheck = 0800;
			};
			buildConfigurationList = C3A6B9E10C076C1500C27891 /* Build configuration list for PBXProject "MacRib" */;
			compatibilityVersion = "Xcode 6.3";
			developmentRegion = English;
			hasScannedForEncodings = 1;
			knownRegions = (
				en,
			);
			mainGroup = 08FB7794FE84155DC02AAC07 /* MacRib */;
			projectDirPath = "";
			projectRoot = "";
			targets = (
				8DD76FA90486AB0100D96B5E /* MacRib */,
			);
		};
/* End PBXProject section */

/* Begin PBXShellScriptBuildPhase section */
		C31FCB0B0714759D00C06E91 /* ShellScript */ = {
			isa = PBXShellScriptBuildPhase;
			buildActionMask = 2147483647;
			files = (
			);
			inputPaths = (
			);
			outputPaths = (
			);
			runOnlyForDeploymentPostprocessing = 0;
			shellPath = /bin/sh;
			shellScript = "source package/installpkg.sh\n";
		};
/* End PBXShellScriptBuildPhase section */

/* Begin PBXSourcesBuildPhase section */
		8DD76FAB0486AB0100D96B5E /* Sources */ = {
			isa = PBXSourcesBuildPhase;
			buildActionMask = 2147483647;
			files = (
				C38C1D02070BB96500A962E5 /* MacRib.tm in Sources */,
				C38C1D2F070CAED400A962E5 /* RibGlue.c in Sources */,
				8DD76FAC0486AB0100D96B5E /* main.cpp in Sources */,
			);
			runOnlyForDeploymentPostprocessing = 0;
		};
/* End PBXSourcesBuildPhase section */

/* Begin XCBuildConfiguration section */
		C3A6B9DE0C076C1500C27891 /* Development */ = {
			isa = XCBuildConfiguration;
			buildSettings = {
				MLDEV = "$(SYSTEM_APPS_DIR)/Mathematica.app/Contents/SystemFiles/Links/MathLink/DeveloperKit/MacOSX-x86-64/CompilerAdditions";
				PRODUCT_NAME = MacRib.exe;
				RMANTREE = "$(SYSTEM_APPS_DIR)/Pixar/RenderManProServer-21.0";
			};
			name = Development;
		};
		C3A6B9DF0C076C1500C27891 /* Deployment */ = {
			isa = XCBuildConfiguration;
			buildSettings = {
				MLDEV = "$(SYSTEM_APPS_DIR)/Mathematica.app/Contents/SystemFiles/Links/MathLink/DeveloperKit/MacOSX-x86-64/CompilerAdditions";
				PRODUCT_NAME = MacRib.exe;
				RMANTREE = "$(SYSTEM_APPS_DIR)/Pixar/RenderManProServer-21.0";
			};
			name = Deployment;
		};
		C3A6B9E00C076C1500C27891 /* Default */ = {
			isa = XCBuildConfiguration;
			buildSettings = {
				MLDEV = "$(SYSTEM_APPS_DIR)/Mathematica.app/Contents/SystemFiles/Links/MathLink/DeveloperKit/MacOSX-x86-64/CompilerAdditions";
				PRODUCT_NAME = MacRib.exe;
				RMANTREE = "$(SYSTEM_APPS_DIR)/Pixar/RenderManProServer-21.0";
			};
			name = Default;
		};
		C3A6B9E20C076C1500C27891 /* Development */ = {
			isa = XCBuildConfiguration;
			buildSettings = {
				LD_RUNPATH_SEARCH_PATHS = "/Applications/Pixar/RenderManProServer-21.0/lib /Applications/Mathematica.app/Contents/SystemFiles/Links/MathLink/DeveloperKit/MacOSX-x86-64/CompilerAdditions";
				LIBRARY_SEARCH_PATHS = (
					"/Applications/Pixar/RenderManProServer-21.0/lib",
					"/Applications/Mathematica.app/Contents/SystemFiles/Links/MathLink/DeveloperKit/MacOSX-x86-64/CompilerAdditions",
				);
			};
			name = Development;
		};
		C3A6B9E30C076C1500C27891 /* Deployment */ = {
			isa = XCBuildConfiguration;
			buildSettings = {
				LD_RUNPATH_SEARCH_PATHS = "/Applications/Pixar/RenderManProServer-21.0/lib /Applications/Mathematica.app/Contents/SystemFiles/Links/MathLink/DeveloperKit/MacOSX-x86-64/CompilerAdditions";
				LIBRARY_SEARCH_PATHS = (
					"/Applications/Pixar/RenderManProServer-21.0/lib",
					"/Applications/Mathematica.app/Contents/SystemFiles/Links/MathLink/DeveloperKit/MacOSX-x86-64/CompilerAdditions",
				);
			};
			name = Deployment;
		};
		C3A6B9E40C076C1500C27891 /* Default */ = {
			isa = XCBuildConfiguration;
			buildSettings = {
				LD_RUNPATH_SEARCH_PATHS = "/Applications/Pixar/RenderManProServer-21.0/lib /Applications/Mathematica.app/Contents/SystemFiles/Links/MathLink/DeveloperKit/MacOSX-x86-64/CompilerAdditions";
				LIBRARY_SEARCH_PATHS = (
					"/Applications/Pixar/RenderManProServer-21.0/lib",
					"/Applications/Mathematica.app/Contents/SystemFiles/Links/MathLink/DeveloperKit/MacOSX-x86-64/CompilerAdditions",
				);
			};
			name = Default;
		};
/* End XCBuildConfiguration section */

/* Begin XCConfigurationList section */
		C3A6B9DD0C076C1500C27891 /* Build configuration list for PBXNativeTarget "MacRib" */ = {
			isa = XCConfigurationList;
			buildConfigurations = (
				C3A6B9DE0C076C1500C27891 /* Development */,
				C3A6B9DF0C076C1500C27891 /* Deployment */,
				C3A6B9E00C076C1500C27891 /* Default */,
			);
			defaultConfigurationIsVisible = 0;
			defaultConfigurationName = Default;
		};
		C3A6B9E10C076C1500C27891 /* Build configuration list for PBXProject "MacRib" */ = {
			isa = XCConfigurationList;
			buildConfigurations = (
				C3A6B9E20C076C1500C27891 /* Development */,
				C3A6B9E30C076C1500C27891 /* Deployment */,
				C3A6B9E40C076C1500C27891 /* Default */,
			);
			defaultConfigurationIsVisible = 0;
			defaultConfigurationName = Default;
		};
/* End XCConfigurationList section */
	};
	rootObject = 08FB7793FE84155DC02AAC07 /* Project object */;
}
